// !$*UTF8*$!
{
	archiveVersion = 1;
	classes = {
	};
	objectVersion = 56;
	objects = {

/* Begin PBXBuildFile section */
		3CDD65B82AA950A200E298E8 /* AppDelegate.swift in Sources */ = {isa = PBXBuildFile; fileRef = 3CDD65B72AA950A200E298E8 /* AppDelegate.swift */; };
		3CDD65BA2AA950A200E298E8 /* SceneDelegate.swift in Sources */ = {isa = PBXBuildFile; fileRef = 3CDD65B92AA950A200E298E8 /* SceneDelegate.swift */; };
		3CDD65BC2AA950A200E298E8 /* ViewController.swift in Sources */ = {isa = PBXBuildFile; fileRef = 3CDD65BB2AA950A200E298E8 /* ViewController.swift */; };
		3CDD65BF2AA950A200E298E8 /* Main.storyboard in Resources */ = {isa = PBXBuildFile; fileRef = 3CDD65BD2AA950A200E298E8 /* Main.storyboard */; };
		3CDD65C12AA950A300E298E8 /* Assets.xcassets in Resources */ = {isa = PBXBuildFile; fileRef = 3CDD65C02AA950A300E298E8 /* Assets.xcassets */; };
		3CDD65C42AA950A300E298E8 /* LaunchScreen.storyboard in Resources */ = {isa = PBXBuildFile; fileRef = 3CDD65C22AA950A300E298E8 /* LaunchScreen.storyboard */; };
		3CDD65CF2AA950A300E298E8 /* video_playerTests.swift in Sources */ = {isa = PBXBuildFile; fileRef = 3CDD65CE2AA950A300E298E8 /* video_playerTests.swift */; };
		3CDD65D92AA950A300E298E8 /* video_playerUITests.swift in Sources */ = {isa = PBXBuildFile; fileRef = 3CDD65D82AA950A300E298E8 /* video_playerUITests.swift */; };
		3CDD65DB2AA950A300E298E8 /* video_playerUITestsLaunchTests.swift in Sources */ = {isa = PBXBuildFile; fileRef = 3CDD65DA2AA950A300E298E8 /* video_playerUITestsLaunchTests.swift */; };
		3CDD65E92AA959C900E298E8 /* vikings_short.mp4 in Resources */ = {isa = PBXBuildFile; fileRef = 3CDD65E82AA959C900E298E8 /* vikings_short.mp4 */; };
/* End PBXBuildFile section */

/* Begin PBXContainerItemProxy section */
		3CDD65CB2AA950A300E298E8 /* PBXContainerItemProxy */ = {
			isa = PBXContainerItemProxy;
			containerPortal = 3CDD65AC2AA950A200E298E8 /* Project object */;
			proxyType = 1;
			remoteGlobalIDString = 3CDD65B32AA950A200E298E8;
			remoteInfo = video_player;
		};
		3CDD65D52AA950A300E298E8 /* PBXContainerItemProxy */ = {
			isa = PBXContainerItemProxy;
			containerPortal = 3CDD65AC2AA950A200E298E8 /* Project object */;
			proxyType = 1;
			remoteGlobalIDString = 3CDD65B32AA950A200E298E8;
			remoteInfo = video_player;
		};
/* End PBXContainerItemProxy section */

/* Begin PBXFileReference section */
		3CDD65B42AA950A200E298E8 /* video_player.app */ = {isa = PBXFileReference; explicitFileType = wrapper.application; includeInIndex = 0; path = video_player.app; sourceTree = BUILT_PRODUCTS_DIR; };
		3CDD65B72AA950A200E298E8 /* AppDelegate.swift */ = {isa = PBXFileReference; lastKnownFileType = sourcecode.swift; path = AppDelegate.swift; sourceTree = "<group>"; };
		3CDD65B92AA950A200E298E8 /* SceneDelegate.swift */ = {isa = PBXFileReference; lastKnownFileType = sourcecode.swift; path = SceneDelegate.swift; sourceTree = "<group>"; };
		3CDD65BB2AA950A200E298E8 /* ViewController.swift */ = {isa = PBXFileReference; lastKnownFileType = sourcecode.swift; path = ViewController.swift; sourceTree = "<group>"; };
		3CDD65BE2AA950A200E298E8 /* Base */ = {isa = PBXFileReference; lastKnownFileType = file.storyboard; name = Base; path = Base.lproj/Main.storyboard; sourceTree = "<group>"; };
		3CDD65C02AA950A300E298E8 /* Assets.xcassets */ = {isa = PBXFileReference; lastKnownFileType = folder.assetcatalog; path = Assets.xcassets; sourceTree = "<group>"; };
		3CDD65C32AA950A300E298E8 /* Base */ = {isa = PBXFileReference; lastKnownFileType = file.storyboard; name = Base; path = Base.lproj/LaunchScreen.storyboard; sourceTree = "<group>"; };
		3CDD65C52AA950A300E298E8 /* Info.plist */ = {isa = PBXFileReference; lastKnownFileType = text.plist.xml; path = Info.plist; sourceTree = "<group>"; };
		3CDD65CA2AA950A300E298E8 /* video_playerTests.xctest */ = {isa = PBXFileReference; explicitFileType = wrapper.cfbundle; includeInIndex = 0; path = video_playerTests.xctest; sourceTree = BUILT_PRODUCTS_DIR; };
		3CDD65CE2AA950A300E298E8 /* video_playerTests.swift */ = {isa = PBXFileReference; lastKnownFileType = sourcecode.swift; path = video_playerTests.swift; sourceTree = "<group>"; };
		3CDD65D42AA950A300E298E8 /* video_playerUITests.xctest */ = {isa = PBXFileReference; explicitFileType = wrapper.cfbundle; includeInIndex = 0; path = video_playerUITests.xctest; sourceTree = BUILT_PRODUCTS_DIR; };
		3CDD65D82AA950A300E298E8 /* video_playerUITests.swift */ = {isa = PBXFileReference; lastKnownFileType = sourcecode.swift; path = video_playerUITests.swift; sourceTree = "<group>"; };
		3CDD65DA2AA950A300E298E8 /* video_playerUITestsLaunchTests.swift */ = {isa = PBXFileReference; lastKnownFileType = sourcecode.swift; path = video_playerUITestsLaunchTests.swift; sourceTree = "<group>"; };
		3CDD65E82AA959C900E298E8 /* vikings_short.mp4 */ = {isa = PBXFileReference; lastKnownFileType = file; name = vikings_short.mp4; path = ../../../../Desktop/vikings_short.mp4; sourceTree = "<group>"; };
/* End PBXFileReference section */

/* Begin PBXFrameworksBuildPhase section */
		3CDD65B12AA950A200E298E8 /* Frameworks */ = {
			isa = PBXFrameworksBuildPhase;
			buildActionMask = 2147483647;
			files = (
			);
			runOnlyForDeploymentPostprocessing = 0;
		};
		3CDD65C72AA950A300E298E8 /* Frameworks */ = {
			isa = PBXFrameworksBuildPhase;
			buildActionMask = 2147483647;
			files = (
			);
			runOnlyForDeploymentPostprocessing = 0;
		};
		3CDD65D12AA950A300E298E8 /* Frameworks */ = {
			isa = PBXFrameworksBuildPhase;
			buildActionMask = 2147483647;
			files = (
			);
			runOnlyForDeploymentPostprocessing = 0;
		};
/* End PBXFrameworksBuildPhase section */

/* Begin PBXGroup section */
		3CDD65AB2AA950A200E298E8 = {
			isa = PBXGroup;
			children = (
				3CDD65B62AA950A200E298E8 /* video_player */,
				3CDD65CD2AA950A300E298E8 /* video_playerTests */,
				3CDD65D72AA950A300E298E8 /* video_playerUITests */,
				3CDD65B52AA950A200E298E8 /* Products */,
			);
			sourceTree = "<group>";
		};
		3CDD65B52AA950A200E298E8 /* Products */ = {
			isa = PBXGroup;
			children = (
				3CDD65B42AA950A200E298E8 /* video_player.app */,
				3CDD65CA2AA950A300E298E8 /* video_playerTests.xctest */,
				3CDD65D42AA950A300E298E8 /* video_playerUITests.xctest */,
			);
			name = Products;
			sourceTree = "<group>";
		};
		3CDD65B62AA950A200E298E8 /* video_player */ = {
			isa = PBXGroup;
			children = (
				3CDD65E82AA959C900E298E8 /* vikings_short.mp4 */,
				3CDD65B72AA950A200E298E8 /* AppDelegate.swift */,
				3CDD65B92AA950A200E298E8 /* SceneDelegate.swift */,
				3CDD65BB2AA950A200E298E8 /* ViewController.swift */,
				3CDD65BD2AA950A200E298E8 /* Main.storyboard */,
				3CDD65C02AA950A300E298E8 /* Assets.xcassets */,
				3CDD65C22AA950A300E298E8 /* LaunchScreen.storyboard */,
				3CDD65C52AA950A300E298E8 /* Info.plist */,
			);
			path = video_player;
			sourceTree = "<group>";
		};
		3CDD65CD2AA950A300E298E8 /* video_playerTests */ = {
			isa = PBXGroup;
			children = (
				3CDD65CE2AA950A300E298E8 /* video_playerTests.swift */,
			);
			path = video_playerTests;
			sourceTree = "<group>";
		};
		3CDD65D72AA950A300E298E8 /* video_playerUITests */ = {
			isa = PBXGroup;
			children = (
				3CDD65D82AA950A300E298E8 /* video_playerUITests.swift */,
				3CDD65DA2AA950A300E298E8 /* video_playerUITestsLaunchTests.swift */,
			);
			path = video_playerUITests;
			sourceTree = "<group>";
		};
/* End PBXGroup section */

/* Begin PBXNativeTarget section */
		3CDD65B32AA950A200E298E8 /* video_player */ = {
			isa = PBXNativeTarget;
			buildConfigurationList = 3CDD65DE2AA950A300E298E8 /* Build configuration list for PBXNativeTarget "video_player" */;
			buildPhases = (
				3CDD65B02AA950A200E298E8 /* Sources */,
				3CDD65B12AA950A200E298E8 /* Frameworks */,
				3CDD65B22AA950A200E298E8 /* Resources */,
			);
			buildRules = (
			);
			dependencies = (
			);
			name = video_player;
			productName = video_player;
			productReference = 3CDD65B42AA950A200E298E8 /* video_player.app */;
			productType = "com.apple.product-type.application";
		};
		3CDD65C92AA950A300E298E8 /* video_playerTests */ = {
			isa = PBXNativeTarget;
			buildConfigurationList = 3CDD65E12AA950A300E298E8 /* Build configuration list for PBXNativeTarget "video_playerTests" */;
			buildPhases = (
				3CDD65C62AA950A300E298E8 /* Sources */,
				3CDD65C72AA950A300E298E8 /* Frameworks */,
				3CDD65C82AA950A300E298E8 /* Resources */,
			);
			buildRules = (
			);
			dependencies = (
				3CDD65CC2AA950A300E298E8 /* PBXTargetDependency */,
			);
			name = video_playerTests;
			productName = video_playerTests;
			productReference = 3CDD65CA2AA950A300E298E8 /* video_playerTests.xctest */;
			productType = "com.apple.product-type.bundle.unit-test";
		};
		3CDD65D32AA950A300E298E8 /* video_playerUITests */ = {
			isa = PBXNativeTarget;
			buildConfigurationList = 3CDD65E42AA950A300E298E8 /* Build configuration list for PBXNativeTarget "video_playerUITests" */;
			buildPhases = (
				3CDD65D02AA950A300E298E8 /* Sources */,
				3CDD65D12AA950A300E298E8 /* Frameworks */,
				3CDD65D22AA950A300E298E8 /* Resources */,
			);
			buildRules = (
			);
			dependencies = (
				3CDD65D62AA950A300E298E8 /* PBXTargetDependency */,
			);
			name = video_playerUITests;
			productName = video_playerUITests;
			productReference = 3CDD65D42AA950A300E298E8 /* video_playerUITests.xctest */;
			productType = "com.apple.product-type.bundle.ui-testing";
		};
/* End PBXNativeTarget section */

/* Begin PBXProject section */
		3CDD65AC2AA950A200E298E8 /* Project object */ = {
			isa = PBXProject;
			attributes = {
				BuildIndependentTargetsInParallel = 1;
				LastSwiftUpdateCheck = 1420;
				LastUpgradeCheck = 1420;
				TargetAttributes = {
					3CDD65B32AA950A200E298E8 = {
						CreatedOnToolsVersion = 14.2;
					};
					3CDD65C92AA950A300E298E8 = {
						CreatedOnToolsVersion = 14.2;
						TestTargetID = 3CDD65B32AA950A200E298E8;
					};
					3CDD65D32AA950A300E298E8 = {
						CreatedOnToolsVersion = 14.2;
						TestTargetID = 3CDD65B32AA950A200E298E8;
					};
				};
			};
			buildConfigurationList = 3CDD65AF2AA950A200E298E8 /* Build configuration list for PBXProject "video_player" */;
			compatibilityVersion = "Xcode 14.0";
			developmentRegion = en;
			hasScannedForEncodings = 0;
			knownRegions = (
				en,
				Base,
			);
			mainGroup = 3CDD65AB2AA950A200E298E8;
			productRefGroup = 3CDD65B52AA950A200E298E8 /* Products */;
			projectDirPath = "";
			projectRoot = "";
			targets = (
				3CDD65B32AA950A200E298E8 /* video_player */,
				3CDD65C92AA950A300E298E8 /* video_playerTests */,
				3CDD65D32AA950A300E298E8 /* video_playerUITests */,
			);
		};
/* End PBXProject section */

/* Begin PBXResourcesBuildPhase section */
		3CDD65B22AA950A200E298E8 /* Resources */ = {
			isa = PBXResourcesBuildPhase;
			buildActionMask = 2147483647;
			files = (
				3CDD65C42AA950A300E298E8 /* LaunchScreen.storyboard in Resources */,
				3CDD65C12AA950A300E298E8 /* Assets.xcassets in Resources */,
				3CDD65E92AA959C900E298E8 /* vikings_short.mp4 in Resources */,
				3CDD65BF2AA950A200E298E8 /* Main.storyboard in Resources */,
			);
			runOnlyForDeploymentPostprocessing = 0;
		};
		3CDD65C82AA950A300E298E8 /* Resources */ = {
			isa = PBXResourcesBuildPhase;
			buildActionMask = 2147483647;
			files = (
			);
			runOnlyForDeploymentPostprocessing = 0;
		};
		3CDD65D22AA950A300E298E8 /* Resources */ = {
			isa = PBXResourcesBuildPhase;
			buildActionMask = 2147483647;
			files = (
			);
			runOnlyForDeploymentPostprocessing = 0;
		};
/* End PBXResourcesBuildPhase section */

/* Begin PBXSourcesBuildPhase section */
		3CDD65B02AA950A200E298E8 /* Sources */ = {
			isa = PBXSourcesBuildPhase;
			buildActionMask = 2147483647;
			files = (
				3CDD65BC2AA950A200E298E8 /* ViewController.swift in Sources */,
				3CDD65B82AA950A200E298E8 /* AppDelegate.swift in Sources */,
				3CDD65BA2AA950A200E298E8 /* SceneDelegate.swift in Sources */,
			);
			runOnlyForDeploymentPostprocessing = 0;
		};
		3CDD65C62AA950A300E298E8 /* Sources */ = {
			isa = PBXSourcesBuildPhase;
			buildActionMask = 2147483647;
			files = (
				3CDD65CF2AA950A300E298E8 /* video_playerTests.swift in Sources */,
			);
			runOnlyForDeploymentPostprocessing = 0;
		};
		3CDD65D02AA950A300E298E8 /* Sources */ = {
			isa = PBXSourcesBuildPhase;
			buildActionMask = 2147483647;
			files = (
				3CDD65D92AA950A300E298E8 /* video_playerUITests.swift in Sources */,
				3CDD65DB2AA950A300E298E8 /* video_playerUITestsLaunchTests.swift in Sources */,
			);
			runOnlyForDeploymentPostprocessing = 0;
		};
/* End PBXSourcesBuildPhase section */

/* Begin PBXTargetDependency section */
		3CDD65CC2AA950A300E298E8 /* PBXTargetDependency */ = {
			isa = PBXTargetDependency;
			target = 3CDD65B32AA950A200E298E8 /* video_player */;
			targetProxy = 3CDD65CB2AA950A300E298E8 /* PBXContainerItemProxy */;
		};
		3CDD65D62AA950A300E298E8 /* PBXTargetDependency */ = {
			isa = PBXTargetDependency;
			target = 3CDD65B32AA950A200E298E8 /* video_player */;
			targetProxy = 3CDD65D52AA950A300E298E8 /* PBXContainerItemProxy */;
		};
/* End PBXTargetDependency section */

/* Begin PBXVariantGroup section */
		3CDD65BD2AA950A200E298E8 /* Main.storyboard */ = {
			isa = PBXVariantGroup;
			children = (
				3CDD65BE2AA950A200E298E8 /* Base */,
			);
			name = Main.storyboard;
			sourceTree = "<group>";
		};
		3CDD65C22AA950A300E298E8 /* LaunchScreen.storyboard */ = {
			isa = PBXVariantGroup;
			children = (
				3CDD65C32AA950A300E298E8 /* Base */,
			);
			name = LaunchScreen.storyboard;
			sourceTree = "<group>";
		};
/* End PBXVariantGroup section */

/* Begin XCBuildConfiguration section */
		3CDD65DC2AA950A300E298E8 /* Debug */ = {
			isa = XCBuildConfiguration;
			buildSettings = {
				ALWAYS_SEARCH_USER_PATHS = NO;
				CLANG_ANALYZER_NONNULL = YES;
				CLANG_ANALYZER_NUMBER_OBJECT_CONVERSION = YES_AGGRESSIVE;
				CLANG_CXX_LANGUAGE_STANDARD = "gnu++20";
				CLANG_ENABLE_MODULES = YES;
				CLANG_ENABLE_OBJC_ARC = YES;
				CLANG_ENABLE_OBJC_WEAK = YES;
				CLANG_WARN_BLOCK_CAPTURE_AUTORELEASING = YES;
				CLANG_WARN_BOOL_CONVERSION = YES;
				CLANG_WARN_COMMA = YES;
				CLANG_WARN_CONSTANT_CONVERSION = YES;
				CLANG_WARN_DEPRECATED_OBJC_IMPLEMENTATIONS = YES;
				CLANG_WARN_DIRECT_OBJC_ISA_USAGE = YES_ERROR;
				CLANG_WARN_DOCUMENTATION_COMMENTS = YES;
				CLANG_WARN_EMPTY_BODY = YES;
				CLANG_WARN_ENUM_CONVERSION = YES;
				CLANG_WARN_INFINITE_RECURSION = YES;
				CLANG_WARN_INT_CONVERSION = YES;
				CLANG_WARN_NON_LITERAL_NULL_CONVERSION = YES;
				CLANG_WARN_OBJC_IMPLICIT_RETAIN_SELF = YES;
				CLANG_WARN_OBJC_LITERAL_CONVERSION = YES;
				CLANG_WARN_OBJC_ROOT_CLASS = YES_ERROR;
				CLANG_WARN_QUOTED_INCLUDE_IN_FRAMEWORK_HEADER = YES;
				CLANG_WARN_RANGE_LOOP_ANALYSIS = YES;
				CLANG_WARN_STRICT_PROTOTYPES = YES;
				CLANG_WARN_SUSPICIOUS_MOVE = YES;
				CLANG_WARN_UNGUARDED_AVAILABILITY = YES_AGGRESSIVE;
				CLANG_WARN_UNREACHABLE_CODE = YES;
				CLANG_WARN__DUPLICATE_METHOD_MATCH = YES;
				COPY_PHASE_STRIP = NO;
				DEBUG_INFORMATION_FORMAT = dwarf;
				ENABLE_STRICT_OBJC_MSGSEND = YES;
				ENABLE_TESTABILITY = YES;
				GCC_C_LANGUAGE_STANDARD = gnu11;
				GCC_DYNAMIC_NO_PIC = NO;
				GCC_NO_COMMON_BLOCKS = YES;
				GCC_OPTIMIZATION_LEVEL = 0;
				GCC_PREPROCESSOR_DEFINITIONS = (
					"DEBUG=1",
					"$(inherited)",
				);
				GCC_WARN_64_TO_32_BIT_CONVERSION = YES;
				GCC_WARN_ABOUT_RETURN_TYPE = YES_ERROR;
				GCC_WARN_UNDECLARED_SELECTOR = YES;
				GCC_WARN_UNINITIALIZED_AUTOS = YES_AGGRESSIVE;
				GCC_WARN_UNUSED_FUNCTION = YES;
				GCC_WARN_UNUSED_VARIABLE = YES;
				IPHONEOS_DEPLOYMENT_TARGET = 16.2;
				MTL_ENABLE_DEBUG_INFO = INCLUDE_SOURCE;
				MTL_FAST_MATH = YES;
				ONLY_ACTIVE_ARCH = YES;
				SDKROOT = iphoneos;
				SWIFT_ACTIVE_COMPILATION_CONDITIONS = DEBUG;
				SWIFT_OPTIMIZATION_LEVEL = "-Onone";
			};
			name = Debug;
		};
		3CDD65DD2AA950A300E298E8 /* Release */ = {
			isa = XCBuildConfiguration;
			buildSettings = {
				ALWAYS_SEARCH_USER_PATHS = NO;
				CLANG_ANALYZER_NONNULL = YES;
				CLANG_ANALYZER_NUMBER_OBJECT_CONVERSION = YES_AGGRESSIVE;
				CLANG_CXX_LANGUAGE_STANDARD = "gnu++20";
				CLANG_ENABLE_MODULES = YES;
				CLANG_ENABLE_OBJC_ARC = YES;
				CLANG_ENABLE_OBJC_WEAK = YES;
				CLANG_WARN_BLOCK_CAPTURE_AUTORELEASING = YES;
				CLANG_WARN_BOOL_CONVERSION = YES;
				CLANG_WARN_COMMA = YES;
				CLANG_WARN_CONSTANT_CONVERSION = YES;
				CLANG_WARN_DEPRECATED_OBJC_IMPLEMENTATIONS = YES;
				CLANG_WARN_DIRECT_OBJC_ISA_USAGE = YES_ERROR;
				CLANG_WARN_DOCUMENTATION_COMMENTS = YES;
				CLANG_WARN_EMPTY_BODY = YES;
				CLANG_WARN_ENUM_CONVERSION = YES;
				CLANG_WARN_INFINITE_RECURSION = YES;
				CLANG_WARN_INT_CONVERSION = YES;
				CLANG_WARN_NON_LITERAL_NULL_CONVERSION = YES;
				CLANG_WARN_OBJC_IMPLICIT_RETAIN_SELF = YES;
				CLANG_WARN_OBJC_LITERAL_CONVERSION = YES;
				CLANG_WARN_OBJC_ROOT_CLASS = YES_ERROR;
				CLANG_WARN_QUOTED_INCLUDE_IN_FRAMEWORK_HEADER = YES;
				CLANG_WARN_RANGE_LOOP_ANALYSIS = YES;
				CLANG_WARN_STRICT_PROTOTYPES = YES;
				CLANG_WARN_SUSPICIOUS_MOVE = YES;
				CLANG_WARN_UNGUARDED_AVAILABILITY = YES_AGGRESSIVE;
				CLANG_WARN_UNREACHABLE_CODE = YES;
				CLANG_WARN__DUPLICATE_METHOD_MATCH = YES;
				COPY_PHASE_STRIP = NO;
				DEBUG_INFORMATION_FORMAT = "dwarf-with-dsym";
				ENABLE_NS_ASSERTIONS = NO;
				ENABLE_STRICT_OBJC_MSGSEND = YES;
				GCC_C_LANGUAGE_STANDARD = gnu11;
				GCC_NO_COMMON_BLOCKS = YES;
				GCC_WARN_64_TO_32_BIT_CONVERSION = YES;
				GCC_WARN_ABOUT_RETURN_TYPE = YES_ERROR;
				GCC_WARN_UNDECLARED_SELECTOR = YES;
				GCC_WARN_UNINITIALIZED_AUTOS = YES_AGGRESSIVE;
				GCC_WARN_UNUSED_FUNCTION = YES;
				GCC_WARN_UNUSED_VARIABLE = YES;
				IPHONEOS_DEPLOYMENT_TARGET = 16.2;
				MTL_ENABLE_DEBUG_INFO = NO;
				MTL_FAST_MATH = YES;
				SDKROOT = iphoneos;
				SWIFT_COMPILATION_MODE = wholemodule;
				SWIFT_OPTIMIZATION_LEVEL = "-O";
				VALIDATE_PRODUCT = YES;
			};
			name = Release;
		};
		3CDD65DF2AA950A300E298E8 /* Debug */ = {
			isa = XCBuildConfiguration;
			buildSettings = {
				ASSETCATALOG_COMPILER_APPICON_NAME = AppIcon;
				ASSETCATALOG_COMPILER_GLOBAL_ACCENT_COLOR_NAME = AccentColor;
				CODE_SIGN_STYLE = Automatic;
				CURRENT_PROJECT_VERSION = 1;
				GENERATE_INFOPLIST_FILE = YES;
				INFOPLIST_FILE = video_player/Info.plist;
				INFOPLIST_KEY_UIApplicationSupportsIndirectInputEvents = YES;
				INFOPLIST_KEY_UILaunchStoryboardName = LaunchScreen;
				INFOPLIST_KEY_UIMainStoryboardFile = Main;
				INFOPLIST_KEY_UISupportedInterfaceOrientations_iPad = "UIInterfaceOrientationPortrait UIInterfaceOrientationPortraitUpsideDown UIInterfaceOrientationLandscapeLeft UIInterfaceOrientationLandscapeRight";
				INFOPLIST_KEY_UISupportedInterfaceOrientations_iPhone = "UIInterfaceOrientationPortrait UIInterfaceOrientationLandscapeLeft UIInterfaceOrientationLandscapeRight";
				LD_RUNPATH_SEARCH_PATHS = (
					"$(inherited)",
					"@executable_path/Frameworks",
				);
				MARKETING_VERSION = 1.0;
				PRODUCT_BUNDLE_IDENTIFIER = "com.gideon.video-player";
				PRODUCT_NAME = "$(TARGET_NAME)";
				SWIFT_EMIT_LOC_STRINGS = YES;
				SWIFT_VERSION = 5.0;
				TARGETED_DEVICE_FAMILY = "1,2";
			};
			name = Debug;
		};
		3CDD65E02AA950A300E298E8 /* Release */ = {
			isa = XCBuildConfiguration;
			buildSettings = {
				ASSETCATALOG_COMPILER_APPICON_NAME = AppIcon;
				ASSETCATALOG_COMPILER_GLOBAL_ACCENT_COLOR_NAME = AccentColor;
				CODE_SIGN_STYLE = Automatic;
				CURRENT_PROJECT_VERSION = 1;
				GENERATE_INFOPLIST_FILE = YES;
				INFOPLIST_FILE = video_player/Info.plist;
				INFOPLIST_KEY_UIApplicationSupportsIndirectInputEvents = YES;
				INFOPLIST_KEY_UILaunchStoryboardName = LaunchScreen;
				INFOPLIST_KEY_UIMainStoryboardFile = Main;
				INFOPLIST_KEY_UISupportedInterfaceOrientations_iPad = "UIInterfaceOrientationPortrait UIInterfaceOrientationPortraitUpsideDown UIInterfaceOrientationLandscapeLeft UIInterfaceOrientationLandscapeRight";
				INFOPLIST_KEY_UISupportedInterfaceOrientations_iPhone = "UIInterfaceOrientationPortrait UIInterfaceOrientationLandscapeLeft UIInterfaceOrientationLandscapeRight";
				LD_RUNPATH_SEARCH_PATHS = (
					"$(inherited)",
					"@executable_path/Frameworks",
				);
				MARKETING_VERSION = 1.0;
				PRODUCT_BUNDLE_IDENTIFIER = "com.gideon.video-player";
				PRODUCT_NAME = "$(TARGET_NAME)";
				SWIFT_EMIT_LOC_STRINGS = YES;
				SWIFT_VERSION = 5.0;
				TARGETED_DEVICE_FAMILY = "1,2";
			};
			name = Release;
		};
		3CDD65E22AA950A300E298E8 /* Debug */ = {
			isa = XCBuildConfiguration;
			buildSettings = {
				ALWAYS_EMBED_SWIFT_STANDARD_LIBRARIES = YES;
				BUNDLE_LOADER = "$(TEST_HOST)";
				CODE_SIGN_STYLE = Automatic;
				CURRENT_PROJECT_VERSION = 1;
				GENERATE_INFOPLIST_FILE = YES;
				IPHONEOS_DEPLOYMENT_TARGET = 16.2;
				MARKETING_VERSION = 1.0;
				PRODUCT_BUNDLE_IDENTIFIER = "com.gideon.video-playerTests";
				PRODUCT_NAME = "$(TARGET_NAME)";
				SWIFT_EMIT_LOC_STRINGS = NO;
				SWIFT_VERSION = 5.0;
				TARGETED_DEVICE_FAMILY = "1,2";
				TEST_HOST = "$(BUILT_PRODUCTS_DIR)/video_player.app/$(BUNDLE_EXECUTABLE_FOLDER_PATH)/video_player";
			};
			name = Debug;
		};
		3CDD65E32AA950A300E298E8 /* Release */ = {
			isa = XCBuildConfiguration;
			buildSettings = {
				ALWAYS_EMBED_SWIFT_STANDARD_LIBRARIES = YES;
				BUNDLE_LOADER = "$(TEST_HOST)";
				CODE_SIGN_STYLE = Automatic;
				CURRENT_PROJECT_VERSION = 1;
				GENERATE_INFOPLIST_FILE = YES;
				IPHONEOS_DEPLOYMENT_TARGET = 16.2;
				MARKETING_VERSION = 1.0;
				PRODUCT_BUNDLE_IDENTIFIER = "com.gideon.video-playerTests";
				PRODUCT_NAME = "$(TARGET_NAME)";
				SWIFT_EMIT_LOC_STRINGS = NO;
				SWIFT_VERSION = 5.0;
				TARGETED_DEVICE_FAMILY = "1,2";
				TEST_HOST = "$(BUILT_PRODUCTS_DIR)/video_player.app/$(BUNDLE_EXECUTABLE_FOLDER_PATH)/video_player";
			};
			name = Release;
		};
		3CDD65E52AA950A300E298E8 /* Debug */ = {
			isa = XCBuildConfiguration;
			buildSettings = {
				ALWAYS_EMBED_SWIFT_STANDARD_LIBRARIES = YES;
				CODE_SIGN_STYLE = Automatic;
				CURRENT_PROJECT_VERSION = 1;
				GENERATE_INFOPLIST_FILE = YES;
				MARKETING_VERSION = 1.0;
				PRODUCT_BUNDLE_IDENTIFIER = "com.gideon.video-playerUITests";
				PRODUCT_NAME = "$(TARGET_NAME)";
				SWIFT_EMIT_LOC_STRINGS = NO;
				SWIFT_VERSION = 5.0;
				TARGETED_DEVICE_FAMILY = "1,2";
				TEST_TARGET_NAME = video_player;
			};
			name = Debug;
		};
		3CDD65E62AA950A300E298E8 /* Release */ = {
			isa = XCBuildConfiguration;
			buildSettings = {
				ALWAYS_EMBED_SWIFT_STANDARD_LIBRARIES = YES;
				CODE_SIGN_STYLE = Automatic;
				CURRENT_PROJECT_VERSION = 1;
				GENERATE_INFOPLIST_FILE = YES;
				MARKETING_VERSION = 1.0;
				PRODUCT_BUNDLE_IDENTIFIER = "com.gideon.video-playerUITests";
				PRODUCT_NAME = "$(TARGET_NAME)";
				SWIFT_EMIT_LOC_STRINGS = NO;
				SWIFT_VERSION = 5.0;
				TARGETED_DEVICE_FAMILY = "1,2";
				TEST_TARGET_NAME = video_player;
			};
			name = Release;
		};
/* End XCBuildConfiguration section */

/* Begin XCConfigurationList section */
		3CDD65AF2AA950A200E298E8 /* Build configuration list for PBXProject "video_player" */ = {
			isa = XCConfigurationList;
			buildConfigurations = (
				3CDD65DC2AA950A300E298E8 /* Debug */,
				3CDD65DD2AA950A300E298E8 /* Release */,
			);
			defaultConfigurationIsVisible = 0;
			defaultConfigurationName = Release;
		};
		3CDD65DE2AA950A300E298E8 /* Build configuration list for PBXNativeTarget "video_player" */ = {
			isa = XCConfigurationList;
			buildConfigurations = (
				3CDD65DF2AA950A300E298E8 /* Debug */,
				3CDD65E02AA950A300E298E8 /* Release */,
			);
			defaultConfigurationIsVisible = 0;
			defaultConfigurationName = Release;
		};
		3CDD65E12AA950A300E298E8 /* Build configuration list for PBXNativeTarget "video_playerTests" */ = {
			isa = XCConfigurationList;
			buildConfigurations = (
				3CDD65E22AA950A300E298E8 /* Debug */,
				3CDD65E32AA950A300E298E8 /* Release */,
			);
			defaultConfigurationIsVisible = 0;
			defaultConfigurationName = Release;
		};
		3CDD65E42AA950A300E298E8 /* Build configuration list for PBXNativeTarget "video_playerUITests" */ = {
			isa = XCConfigurationList;
			buildConfigurations = (
				3CDD65E52AA950A300E298E8 /* Debug */,
				3CDD65E62AA950A300E298E8 /* Release */,
			);
			defaultConfigurationIsVisible = 0;
			defaultConfigurationName = Release;
		};
/* End XCConfigurationList section */
	};
	rootObject = 3CDD65AC2AA950A200E298E8 /* Project object */;
}
